
Microsoft Visual Studio Solution File, Format Version 12.00
# Visual Studio Version 17
VisualStudioVersion = 17.3.32929.385
MinimumVisualStudioVersion = 10.0.40219.1
Project("{FAE04EC0-301F-11D3-BF4B-00C04F79EFBC}") = "LibraryTrainer", "LibraryTrainer.csproj", "{5AC693D8-F007-43E4-BE0B-BBEDBB4FC34B}"
EndProject
Global
	GlobalSection(SolutionConfigurationPlatforms) = preSolution
		Debug|Any CPU = Debug|Any CPU
		Release|Any CPU = Release|Any CPU
	EndGlobalSection
	GlobalSection(ProjectConfigurationPlatforms) = postSolution
		{5AC693D8-F007-43E4-BE0B-BBEDBB4FC34B}.Debug|Any CPU.ActiveCfg = Debug|Any CPU
		{5AC693D8-F007-43E4-BE0B-BBEDBB4FC34B}.Debug|Any CPU.Build.0 = Debug|Any CPU
		{5AC693D8-F007-43E4-BE0B-BBEDBB4FC34B}.Release|Any CPU.ActiveCfg = Release|Any CPU
		{5AC693D8-F007-43E4-BE0B-BBEDBB4FC34B}.Release|Any CPU.Build.0 = Release|Any CPU
	EndGlobalSection
	GlobalSection(SolutionProperties) = preSolution
		HideSolutionNode = FALSE
	EndGlobalSection
	GlobalSection(ExtensibilityGlobals) = postSolution
		SolutionGuid = {B0C821D1-3D46-4909-8B72-EFB758633FFC}
	EndGlobalSection
EndGlobal
